
Microsoft Visual Studio Solution File, Format Version 12.00
# Visual Studio Version 17
VisualStudioVersion = 17.4.33205.214
MinimumVisualStudioVersion = 10.0.40219.1
Project("{FAE04EC0-301F-11D3-BF4B-00C04F79EFBC}") = "SoftwaretestRNGCryptoServiceProvider", "SoftwaretestRNGCryptoServiceProvider\SoftwaretestRNGCryptoServiceProvider.csproj", "{3788255A-C351-414E-8EA2-BE3CA654F60B}"
EndProject
Global
	GlobalSection(SolutionConfigurationPlatforms) = preSolution
		Debug|Any CPU = Debug|Any CPU
		Release|Any CPU = Release|Any CPU
	EndGlobalSection
	GlobalSection(ProjectConfigurationPlatforms) = postSolution
		{3788255A-C351-414E-8EA2-BE3CA654F60B}.Debug|Any CPU.ActiveCfg = Debug|Any CPU
		{3788255A-C351-414E-8EA2-BE3CA654F60B}.Debug|Any CPU.Build.0 = Debug|Any CPU
		{3788255A-C351-414E-8EA2-BE3CA654F60B}.Release|Any CPU.ActiveCfg = Release|Any CPU
		{3788255A-C351-414E-8EA2-BE3CA654F60B}.Release|Any CPU.Build.0 = Release|Any CPU
	EndGlobalSection
	GlobalSection(SolutionProperties) = preSolution
		HideSolutionNode = FALSE
	EndGlobalSection
	GlobalSection(ExtensibilityGlobals) = postSolution
		SolutionGuid = {842B0FBB-F486-483D-B260-1A5E9087CAD8}
	EndGlobalSection
EndGlobal
